
Microsoft Visual Studio Solution File, Format Version 12.00
# Visual Studio Version 17
VisualStudioVersion = 17.8.34330.188
MinimumVisualStudioVersion = 10.0.40219.1
Project("{FAE04EC0-301F-11D3-BF4B-00C04F79EFBC}") = "lab1", "lab1.csproj", "{93D1A6BD-1496-4AA1-926C-FC9F1005DB60}"
EndProject
Global
	GlobalSection(SolutionConfigurationPlatforms) = preSolution
		Debug|Any CPU = Debug|Any CPU
		Release|Any CPU = Release|Any CPU
	EndGlobalSection
	GlobalSection(ProjectConfigurationPlatforms) = postSolution
		{93D1A6BD-1496-4AA1-926C-FC9F1005DB60}.Debug|Any CPU.ActiveCfg = Debug|Any CPU
		{93D1A6BD-1496-4AA1-926C-FC9F1005DB60}.Debug|Any CPU.Build.0 = Debug|Any CPU
		{93D1A6BD-1496-4AA1-926C-FC9F1005DB60}.Release|Any CPU.ActiveCfg = Release|Any CPU
		{93D1A6BD-1496-4AA1-926C-FC9F1005DB60}.Release|Any CPU.Build.0 = Release|Any CPU
	EndGlobalSection
	GlobalSection(SolutionProperties) = preSolution
		HideSolutionNode = FALSE
	EndGlobalSection
	GlobalSection(ExtensibilityGlobals) = postSolution
		SolutionGuid = {D244E9F4-6B3C-4DEB-B357-FE38429C48E3}
	EndGlobalSection
EndGlobal
